// !$*UTF8*$!
{
	archiveVersion = 1;
	classes = {
	};
	objectVersion = 46;
	objects = {

/* Begin PBXBuildFile section */
		3CFCD0EC1EF278D800ADF656 /* main.m in Sources */ = {isa = PBXBuildFile; fileRef = 3CFCD0EB1EF278D800ADF656 /* main.m */; };
		3CFCD0EF1EF278D800ADF656 /* AppDelegate.m in Sources */ = {isa = PBXBuildFile; fileRef = 3CFCD0EE1EF278D800ADF656 /* AppDelegate.m */; };
		3CFCD0F71EF278D800ADF656 /* Assets.xcassets in Resources */ = {isa = PBXBuildFile; fileRef = 3CFCD0F61EF278D800ADF656 /* Assets.xcassets */; };
		3CFCD0FA1EF278D800ADF656 /* LaunchScreen.storyboard in Resources */ = {isa = PBXBuildFile; fileRef = 3CFCD0F81EF278D800ADF656 /* LaunchScreen.storyboard */; };
		3CFCD1031EF2790C00ADF656 /* MainViewController.m in Sources */ = {isa = PBXBuildFile; fileRef = 3CFCD1021EF2790C00ADF656 /* MainViewController.m */; };
		3CFCD1061EF3710E00ADF656 /* CircleProgressView.m in Sources */ = {isa = PBXBuildFile; fileRef = 3CFCD1051EF3710E00ADF656 /* CircleProgressView.m */; };
/* End PBXBuildFile section */

/* Begin PBXFileReference section */
		3CFCD0E71EF278D800ADF656 /* AVFoundationDemo.app */ = {isa = PBXFileReference; explicitFileType = wrapper.application; includeInIndex = 0; path = AVFoundationDemo.app; sourceTree = BUILT_PRODUCTS_DIR; };
		3CFCD0EB1EF278D800ADF656 /* main.m */ = {isa = PBXFileReference; lastKnownFileType = sourcecode.c.objc; path = main.m; sourceTree = "<group>"; };
		3CFCD0ED1EF278D800ADF656 /* AppDelegate.h */ = {isa = PBXFileReference; lastKnownFileType = sourcecode.c.h; path = AppDelegate.h; sourceTree = "<group>"; };
		3CFCD0EE1EF278D800ADF656 /* AppDelegate.m */ = {isa = PBXFileReference; lastKnownFileType = sourcecode.c.objc; path = AppDelegate.m; sourceTree = "<group>"; };
		3CFCD0F61EF278D800ADF656 /* Assets.xcassets */ = {isa = PBXFileReference; lastKnownFileType = folder.assetcatalog; path = Assets.xcassets; sourceTree = "<group>"; };
		3CFCD0F91EF278D800ADF656 /* Base */ = {isa = PBXFileReference; lastKnownFileType = file.storyboard; name = Base; path = Base.lproj/LaunchScreen.storyboard; sourceTree = "<group>"; };
		3CFCD0FB1EF278D800ADF656 /* Info.plist */ = {isa = PBXFileReference; lastKnownFileType = text.plist.xml; path = Info.plist; sourceTree = "<group>"; };
		3CFCD1011EF2790C00ADF656 /* MainViewController.h */ = {isa = PBXFileReference; fileEncoding = 4; lastKnownFileType = sourcecode.c.h; path = MainViewController.h; sourceTree = "<group>"; };
		3CFCD1021EF2790C00ADF656 /* MainViewController.m */ = {isa = PBXFileReference; fileEncoding = 4; lastKnownFileType = sourcecode.c.objc; path = MainViewController.m; sourceTree = "<group>"; };
		3CFCD1041EF3710E00ADF656 /* CircleProgressView.h */ = {isa = PBXFileReference; fileEncoding = 4; lastKnownFileType = sourcecode.c.h; path = CircleProgressView.h; sourceTree = "<group>"; };
		3CFCD1051EF3710E00ADF656 /* CircleProgressView.m */ = {isa = PBXFileReference; fileEncoding = 4; lastKnownFileType = sourcecode.c.objc; path = CircleProgressView.m; sourceTree = "<group>"; };
		3CFCD1071EF3852D00ADF656 /* AVFoundation.pch */ = {isa = PBXFileReference; lastKnownFileType = sourcecode.c.h; path = AVFoundation.pch; sourceTree = "<group>"; };
/* End PBXFileReference section */

/* Begin PBXFrameworksBuildPhase section */
		3CFCD0E41EF278D800ADF656 /* Frameworks */ = {
			isa = PBXFrameworksBuildPhase;
			buildActionMask = 2147483647;
			files = (
			);
			runOnlyForDeploymentPostprocessing = 0;
		};
/* End PBXFrameworksBuildPhase section */

/* Begin PBXGroup section */
		3CFCD0DE1EF278D800ADF656 = {
			isa = PBXGroup;
			children = (
				3CFCD0E91EF278D800ADF656 /* AVFoundationDemo */,
				3CFCD0E81EF278D800ADF656 /* Products */,
			);
			sourceTree = "<group>";
		};
		3CFCD0E81EF278D800ADF656 /* Products */ = {
			isa = PBXGroup;
			children = (
				3CFCD0E71EF278D800ADF656 /* AVFoundationDemo.app */,
			);
			name = Products;
			sourceTree = "<group>";
		};
		3CFCD0E91EF278D800ADF656 /* AVFoundationDemo */ = {
			isa = PBXGroup;
			children = (
				3CFCD0ED1EF278D800ADF656 /* AppDelegate.h */,
				3CFCD0EE1EF278D800ADF656 /* AppDelegate.m */,
				3CFCD0F61EF278D800ADF656 /* Assets.xcassets */,
				3CFCD0F81EF278D800ADF656 /* LaunchScreen.storyboard */,
				3CFCD0FB1EF278D800ADF656 /* Info.plist */,
				3CFCD0EA1EF278D800ADF656 /* Supporting Files */,
				3CFCD1011EF2790C00ADF656 /* MainViewController.h */,
				3CFCD1021EF2790C00ADF656 /* MainViewController.m */,
				3CFCD1041EF3710E00ADF656 /* CircleProgressView.h */,
				3CFCD1051EF3710E00ADF656 /* CircleProgressView.m */,
				3CFCD1071EF3852D00ADF656 /* AVFoundation.pch */,
			);
			path = AVFoundationDemo;
			sourceTree = "<group>";
		};
		3CFCD0EA1EF278D800ADF656 /* Supporting Files */ = {
			isa = PBXGroup;
			children = (
				3CFCD0EB1EF278D800ADF656 /* main.m */,
			);
			name = "Supporting Files";
			sourceTree = "<group>";
		};
/* End PBXGroup section */

/* Begin PBXNativeTarget section */
		3CFCD0E61EF278D800ADF656 /* AVFoundationDemo */ = {
			isa = PBXNativeTarget;
			buildConfigurationList = 3CFCD0FE1EF278D800ADF656 /* Build configuration list for PBXNativeTarget "AVFoundationDemo" */;
			buildPhases = (
				3CFCD0E31EF278D800ADF656 /* Sources */,
				3CFCD0E41EF278D800ADF656 /* Frameworks */,
				3CFCD0E51EF278D800ADF656 /* Resources */,
			);
			buildRules = (
			);
			dependencies = (
			);
			name = AVFoundationDemo;
			productName = AVFoundationDemo;
			productReference = 3CFCD0E71EF278D800ADF656 /* AVFoundationDemo.app */;
			productType = "com.apple.product-type.application";
		};
/* End PBXNativeTarget section */

/* Begin PBXProject section */
		3CFCD0DF1EF278D800ADF656 /* Project object */ = {
			isa = PBXProject;
			attributes = {
				LastUpgradeCheck = 0820;
				ORGANIZATIONNAME = XFX;
				TargetAttributes = {
					3CFCD0E61EF278D800ADF656 = {
						CreatedOnToolsVersion = 8.2.1;
						DevelopmentTeam = 92ZEU9UMWW;
						ProvisioningStyle = Manual;
					};
				};
			};
			buildConfigurationList = 3CFCD0E21EF278D800ADF656 /* Build configuration list for PBXProject "AVFoundationDemo" */;
			compatibilityVersion = "Xcode 3.2";
			developmentRegion = English;
			hasScannedForEncodings = 0;
			knownRegions = (
				en,
				Base,
			);
			mainGroup = 3CFCD0DE1EF278D800ADF656;
			productRefGroup = 3CFCD0E81EF278D800ADF656 /* Products */;
			projectDirPath = "";
			projectRoot = "";
			targets = (
				3CFCD0E61EF278D800ADF656 /* AVFoundationDemo */,
			);
		};
/* End PBXProject section */

/* Begin PBXResourcesBuildPhase section */
		3CFCD0E51EF278D800ADF656 /* Resources */ = {
			isa = PBXResourcesBuildPhase;
			buildActionMask = 2147483647;
			files = (
				3CFCD0FA1EF278D800ADF656 /* LaunchScreen.storyboard in Resources */,
				3CFCD0F71EF278D800ADF656 /* Assets.xcassets in Resources */,
			);
			runOnlyForDeploymentPostprocessing = 0;
		};
/* End PBXResourcesBuildPhase section */

/* Begin PBXSourcesBuildPhase section */
		3CFCD0E31EF278D800ADF656 /* Sources */ = {
			isa = PBXSourcesBuildPhase;
			buildActionMask = 2147483647;
			files = (
				3CFCD0EF1EF278D800ADF656 /* AppDelegate.m in Sources */,
				3CFCD1061EF3710E00ADF656 /* CircleProgressView.m in Sources */,
				3CFCD1031EF2790C00ADF656 /* MainViewController.m in Sources */,
				3CFCD0EC1EF278D800ADF656 /* main.m in Sources */,
			);
			runOnlyForDeploymentPostprocessing = 0;
		};
/* End PBXSourcesBuildPhase section */

/* Begin PBXVariantGroup section */
		3CFCD0F81EF278D800ADF656 /* LaunchScreen.storyboard */ = {
			isa = PBXVariantGroup;
			children = (
				3CFCD0F91EF278D800ADF656 /* Base */,
			);
			name = LaunchScreen.storyboard;
			sourceTree = "<group>";
		};
/* End PBXVariantGroup section */

/* Begin XCBuildConfiguration section */
		3CFCD0FC1EF278D800ADF656 /* Debug */ = {
			isa = XCBuildConfiguration;
			buildSettings = {
				ALWAYS_SEARCH_USER_PATHS = NO;
				CLANG_ANALYZER_NONNULL = YES;
				CLANG_CXX_LANGUAGE_STANDARD = "gnu++0x";
				CLANG_CXX_LIBRARY = "libc++";
				CLANG_ENABLE_MODULES = YES;
				CLANG_ENABLE_OBJC_ARC = YES;
				CLANG_WARN_BOOL_CONVERSION = YES;
				CLANG_WARN_CONSTANT_CONVERSION = YES;
				CLANG_WARN_DIRECT_OBJC_ISA_USAGE = YES_ERROR;
				CLANG_WARN_DOCUMENTATION_COMMENTS = YES;
				CLANG_WARN_EMPTY_BODY = YES;
				CLANG_WARN_ENUM_CONVERSION = YES;
				CLANG_WARN_INFINITE_RECURSION = YES;
				CLANG_WARN_INT_CONVERSION = YES;
				CLANG_WARN_OBJC_ROOT_CLASS = YES_ERROR;
				CLANG_WARN_SUSPICIOUS_MOVE = YES;
				CLANG_WARN_UNREACHABLE_CODE = YES;
				CLANG_WARN__DUPLICATE_METHOD_MATCH = YES;
				"CODE_SIGN_IDENTITY[sdk=iphoneos*]" = "iPhone Developer";
				COPY_PHASE_STRIP = NO;
				DEBUG_INFORMATION_FORMAT = dwarf;
				ENABLE_STRICT_OBJC_MSGSEND = YES;
				ENABLE_TESTABILITY = YES;
				GCC_C_LANGUAGE_STANDARD = gnu99;
				GCC_DYNAMIC_NO_PIC = NO;
				GCC_NO_COMMON_BLOCKS = YES;
				GCC_OPTIMIZATION_LEVEL = 0;
				GCC_PREPROCESSOR_DEFINITIONS = (
					"DEBUG=1",
					"$(inherited)",
				);
				GCC_WARN_64_TO_32_BIT_CONVERSION = YES;
				GCC_WARN_ABOUT_RETURN_TYPE = YES_ERROR;
				GCC_WARN_UNDECLARED_SELECTOR = YES;
				GCC_WARN_UNINITIALIZED_AUTOS = YES_AGGRESSIVE;
				GCC_WARN_UNUSED_FUNCTION = YES;
				GCC_WARN_UNUSED_VARIABLE = YES;
				IPHONEOS_DEPLOYMENT_TARGET = 10.2;
				MTL_ENABLE_DEBUG_INFO = YES;
				ONLY_ACTIVE_ARCH = YES;
				SDKROOT = iphoneos;
			};
			name = Debug;
		};
		3CFCD0FD1EF278D800ADF656 /* Release */ = {
			isa = XCBuildConfiguration;
			buildSettings = {
				ALWAYS_SEARCH_USER_PATHS = NO;
				CLANG_ANALYZER_NONNULL = YES;
				CLANG_CXX_LANGUAGE_STANDARD = "gnu++0x";
				CLANG_CXX_LIBRARY = "libc++";
				CLANG_ENABLE_MODULES = YES;
				CLANG_ENABLE_OBJC_ARC = YES;
				CLANG_WARN_BOOL_CONVERSION = YES;
				CLANG_WARN_CONSTANT_CONVERSION = YES;
				CLANG_WARN_DIRECT_OBJC_ISA_USAGE = YES_ERROR;
				CLANG_WARN_DOCUMENTATION_COMMENTS = YES;
				CLANG_WARN_EMPTY_BODY = YES;
				CLANG_WARN_ENUM_CONVERSION = YES;
				CLANG_WARN_INFINITE_RECURSION = YES;
				CLANG_WARN_INT_CONVERSION = YES;
				CLANG_WARN_OBJC_ROOT_CLASS = YES_ERROR;
				CLANG_WARN_SUSPICIOUS_MOVE = YES;
				CLANG_WARN_UNREACHABLE_CODE = YES;
				CLANG_WARN__DUPLICATE_METHOD_MATCH = YES;
				"CODE_SIGN_IDENTITY[sdk=iphoneos*]" = "iPhone Developer";
				COPY_PHASE_STRIP = NO;
				DEBUG_INFORMATION_FORMAT = "dwarf-with-dsym";
				ENABLE_NS_ASSERTIONS = NO;
				ENABLE_STRICT_OBJC_MSGSEND = YES;
				GCC_C_LANGUAGE_STANDARD = gnu99;
				GCC_NO_COMMON_BLOCKS = YES;
				GCC_WARN_64_TO_32_BIT_CONVERSION = YES;
				GCC_WARN_ABOUT_RETURN_TYPE = YES_ERROR;
				GCC_WARN_UNDECLARED_SELECTOR = YES;
				GCC_WARN_UNINITIALIZED_AUTOS = YES_AGGRESSIVE;
				GCC_WARN_UNUSED_FUNCTION = YES;
				GCC_WARN_UNUSED_VARIABLE = YES;
				IPHONEOS_DEPLOYMENT_TARGET = 10.2;
				MTL_ENABLE_DEBUG_INFO = NO;
				SDKROOT = iphoneos;
				VALIDATE_PRODUCT = YES;
			};
			name = Release;
		};
		3CFCD0FF1EF278D800ADF656 /* Debug */ = {
			isa = XCBuildConfiguration;
			buildSettings = {
				ASSETCATALOG_COMPILER_APPICON_NAME = AppIcon;
				DEVELOPMENT_TEAM = 92ZEU9UMWW;
				GCC_PREFIX_HEADER = AVFoundationDemo/AVFoundation.pch;
				INFOPLIST_FILE = AVFoundationDemo/Info.plist;
				LD_RUNPATH_SEARCH_PATHS = "$(inherited) @executable_path/Frameworks";
				PRODUCT_BUNDLE_IDENTIFIER = com.joym.xiongdakuaipao;
				PRODUCT_NAME = "$(TARGET_NAME)";
				PROVISIONING_PROFILE = "dfb7f27c-3b1f-4739-9595-5dd63e3554b0";
				PROVISIONING_PROFILE_SPECIFIER = Xiongdakuaipao_Dev;
			};
			name = Debug;
		};
		3CFCD1001EF278D800ADF656 /* Release */ = {
			isa = XCBuildConfiguration;
			buildSettings = {
				ASSETCATALOG_COMPILER_APPICON_NAME = AppIcon;
				DEVELOPMENT_TEAM = 92ZEU9UMWW;
				GCC_PREFIX_HEADER = AVFoundationDemo/AVFoundation.pch;
				INFOPLIST_FILE = AVFoundationDemo/Info.plist;
				LD_RUNPATH_SEARCH_PATHS = "$(inherited) @executable_path/Frameworks";
				PRODUCT_BUNDLE_IDENTIFIER = com.joym.xiongdakuaipao;
				PRODUCT_NAME = "$(TARGET_NAME)";
				PROVISIONING_PROFILE = "dfb7f27c-3b1f-4739-9595-5dd63e3554b0";
				PROVISIONING_PROFILE_SPECIFIER = Xiongdakuaipao_Dev;
			};
			name = Release;
		};
/* End XCBuildConfiguration section */

/* Begin XCConfigurationList section */
		3CFCD0E21EF278D800ADF656 /* Build configuration list for PBXProject "AVFoundationDemo" */ = {
			isa = XCConfigurationList;
			buildConfigurations = (
				3CFCD0FC1EF278D800ADF656 /* Debug */,
				3CFCD0FD1EF278D800ADF656 /* Release */,
			);
			defaultConfigurationIsVisible = 0;
			defaultConfigurationName = Release;
		};
		3CFCD0FE1EF278D800ADF656 /* Build configuration list for PBXNativeTarget "AVFoundationDemo" */ = {
			isa = XCConfigurationList;
			buildConfigurations = (
				3CFCD0FF1EF278D800ADF656 /* Debug */,
				3CFCD1001EF278D800ADF656 /* Release */,
			);
			defaultConfigurationIsVisible = 0;
			defaultConfigurationName = Release;
		};
/* End XCConfigurationList section */
	};
	rootObject = 3CFCD0DF1EF278D800ADF656 /* Project object */;
}
